
Microsoft Visual Studio Solution File, Format Version 12.00
# Visual Studio 15
VisualStudioVersion = 15.0.26124.0
MinimumVisualStudioVersion = 15.0.26124.0
Project("{FAE04EC0-301F-11D3-BF4B-00C04F79EFBC}") = "Domain", "Domain\Domain.csproj", "{608B4BC4-0959-4931-994C-BDB43AEB774D}"
EndProject
Project("{FAE04EC0-301F-11D3-BF4B-00C04F79EFBC}") = "Persistence", "Persistence\Persistence.csproj", "{4E14CDBF-7F3A-4EED-961C-FD0846237EFA}"
EndProject
Project("{FAE04EC0-301F-11D3-BF4B-00C04F79EFBC}") = "API", "API\API.csproj", "{0CADABC8-9543-4E6B-B921-E92BAB39D2B1}"
EndProject
Project("{FAE04EC0-301F-11D3-BF4B-00C04F79EFBC}") = "Application", "Application\Application.csproj", "{2E66F68D-7D67-4CB3-94ED-8DBDCA419E1D}"
EndProject
Project("{FAE04EC0-301F-11D3-BF4B-00C04F79EFBC}") = "Infrastructure", "Infrastructure\Infrastructure.csproj", "{10365959-9950-420E-AA43-CC1736F576D2}"
EndProject
Global
	GlobalSection(SolutionConfigurationPlatforms) = preSolution
		Debug|Any CPU = Debug|Any CPU
		Debug|x64 = Debug|x64
		Debug|x86 = Debug|x86
		Release|Any CPU = Release|Any CPU
		Release|x64 = Release|x64
		Release|x86 = Release|x86
	EndGlobalSection
	GlobalSection(SolutionProperties) = preSolution
		HideSolutionNode = FALSE
	EndGlobalSection
	GlobalSection(ProjectConfigurationPlatforms) = postSolution
		{608B4BC4-0959-4931-994C-BDB43AEB774D}.Debug|Any CPU.ActiveCfg = Debug|Any CPU
		{608B4BC4-0959-4931-994C-BDB43AEB774D}.Debug|Any CPU.Build.0 = Debug|Any CPU
		{608B4BC4-0959-4931-994C-BDB43AEB774D}.Debug|x64.ActiveCfg = Debug|Any CPU
		{608B4BC4-0959-4931-994C-BDB43AEB774D}.Debug|x64.Build.0 = Debug|Any CPU
		{608B4BC4-0959-4931-994C-BDB43AEB774D}.Debug|x86.ActiveCfg = Debug|Any CPU
		{608B4BC4-0959-4931-994C-BDB43AEB774D}.Debug|x86.Build.0 = Debug|Any CPU
		{608B4BC4-0959-4931-994C-BDB43AEB774D}.Release|Any CPU.ActiveCfg = Release|Any CPU
		{608B4BC4-0959-4931-994C-BDB43AEB774D}.Release|Any CPU.Build.0 = Release|Any CPU
		{608B4BC4-0959-4931-994C-BDB43AEB774D}.Release|x64.ActiveCfg = Release|Any CPU
		{608B4BC4-0959-4931-994C-BDB43AEB774D}.Release|x64.Build.0 = Release|Any CPU
		{608B4BC4-0959-4931-994C-BDB43AEB774D}.Release|x86.ActiveCfg = Release|Any CPU
		{608B4BC4-0959-4931-994C-BDB43AEB774D}.Release|x86.Build.0 = Release|Any CPU
		{4E14CDBF-7F3A-4EED-961C-FD0846237EFA}.Debug|Any CPU.ActiveCfg = Debug|Any CPU
		{4E14CDBF-7F3A-4EED-961C-FD0846237EFA}.Debug|Any CPU.Build.0 = Debug|Any CPU
		{4E14CDBF-7F3A-4EED-961C-FD0846237EFA}.Debug|x64.ActiveCfg = Debug|Any CPU
		{4E14CDBF-7F3A-4EED-961C-FD0846237EFA}.Debug|x64.Build.0 = Debug|Any CPU
		{4E14CDBF-7F3A-4EED-961C-FD0846237EFA}.Debug|x86.ActiveCfg = Debug|Any CPU
		{4E14CDBF-7F3A-4EED-961C-FD0846237EFA}.Debug|x86.Build.0 = Debug|Any CPU
		{4E14CDBF-7F3A-4EED-961C-FD0846237EFA}.Release|Any CPU.ActiveCfg = Release|Any CPU
		{4E14CDBF-7F3A-4EED-961C-FD0846237EFA}.Release|Any CPU.Build.0 = Release|Any CPU
		{4E14CDBF-7F3A-4EED-961C-FD0846237EFA}.Release|x64.ActiveCfg = Release|Any CPU
		{4E14CDBF-7F3A-4EED-961C-FD0846237EFA}.Release|x64.Build.0 = Release|Any CPU
		{4E14CDBF-7F3A-4EED-961C-FD0846237EFA}.Release|x86.ActiveCfg = Release|Any CPU
		{4E14CDBF-7F3A-4EED-961C-FD0846237EFA}.Release|x86.Build.0 = Release|Any CPU
		{0CADABC8-9543-4E6B-B921-E92BAB39D2B1}.Debug|Any CPU.ActiveCfg = Debug|Any CPU
		{0CADABC8-9543-4E6B-B921-E92BAB39D2B1}.Debug|Any CPU.Build.0 = Debug|Any CPU
		{0CADABC8-9543-4E6B-B921-E92BAB39D2B1}.Debug|x64.ActiveCfg = Debug|Any CPU
		{0CADABC8-9543-4E6B-B921-E92BAB39D2B1}.Debug|x64.Build.0 = Debug|Any CPU
		{0CADABC8-9543-4E6B-B921-E92BAB39D2B1}.Debug|x86.ActiveCfg = Debug|Any CPU
		{0CADABC8-9543-4E6B-B921-E92BAB39D2B1}.Debug|x86.Build.0 = Debug|Any CPU
		{0CADABC8-9543-4E6B-B921-E92BAB39D2B1}.Release|Any CPU.ActiveCfg = Release|Any CPU
		{0CADABC8-9543-4E6B-B921-E92BAB39D2B1}.Release|Any CPU.Build.0 = Release|Any CPU
		{0CADABC8-9543-4E6B-B921-E92BAB39D2B1}.Release|x64.ActiveCfg = Release|Any CPU
		{0CADABC8-9543-4E6B-B921-E92BAB39D2B1}.Release|x64.Build.0 = Release|Any CPU
		{0CADABC8-9543-4E6B-B921-E92BAB39D2B1}.Release|x86.ActiveCfg = Release|Any CPU
		{0CADABC8-9543-4E6B-B921-E92BAB39D2B1}.Release|x86.Build.0 = Release|Any CPU
		{2E66F68D-7D67-4CB3-94ED-8DBDCA419E1D}.Debug|Any CPU.ActiveCfg = Debug|Any CPU
		{2E66F68D-7D67-4CB3-94ED-8DBDCA419E1D}.Debug|Any CPU.Build.0 = Debug|Any CPU
		{2E66F68D-7D67-4CB3-94ED-8DBDCA419E1D}.Debug|x64.ActiveCfg = Debug|Any CPU
		{2E66F68D-7D67-4CB3-94ED-8DBDCA419E1D}.Debug|x64.Build.0 = Debug|Any CPU
		{2E66F68D-7D67-4CB3-94ED-8DBDCA419E1D}.Debug|x86.ActiveCfg = Debug|Any CPU
		{2E66F68D-7D67-4CB3-94ED-8DBDCA419E1D}.Debug|x86.Build.0 = Debug|Any CPU
		{2E66F68D-7D67-4CB3-94ED-8DBDCA419E1D}.Release|Any CPU.ActiveCfg = Release|Any CPU
		{2E66F68D-7D67-4CB3-94ED-8DBDCA419E1D}.Release|Any CPU.Build.0 = Release|Any CPU
		{2E66F68D-7D67-4CB3-94ED-8DBDCA419E1D}.Release|x64.ActiveCfg = Release|Any CPU
		{2E66F68D-7D67-4CB3-94ED-8DBDCA419E1D}.Release|x64.Build.0 = Release|Any CPU
		{2E66F68D-7D67-4CB3-94ED-8DBDCA419E1D}.Release|x86.ActiveCfg = Release|Any CPU
		{2E66F68D-7D67-4CB3-94ED-8DBDCA419E1D}.Release|x86.Build.0 = Release|Any CPU
		{10365959-9950-420E-AA43-CC1736F576D2}.Debug|Any CPU.ActiveCfg = Debug|Any CPU
		{10365959-9950-420E-AA43-CC1736F576D2}.Debug|Any CPU.Build.0 = Debug|Any CPU
		{10365959-9950-420E-AA43-CC1736F576D2}.Debug|x64.ActiveCfg = Debug|Any CPU
		{10365959-9950-420E-AA43-CC1736F576D2}.Debug|x64.Build.0 = Debug|Any CPU
		{10365959-9950-420E-AA43-CC1736F576D2}.Debug|x86.ActiveCfg = Debug|Any CPU
		{10365959-9950-420E-AA43-CC1736F576D2}.Debug|x86.Build.0 = Debug|Any CPU
		{10365959-9950-420E-AA43-CC1736F576D2}.Release|Any CPU.ActiveCfg = Release|Any CPU
		{10365959-9950-420E-AA43-CC1736F576D2}.Release|Any CPU.Build.0 = Release|Any CPU
		{10365959-9950-420E-AA43-CC1736F576D2}.Release|x64.ActiveCfg = Release|Any CPU
		{10365959-9950-420E-AA43-CC1736F576D2}.Release|x64.Build.0 = Release|Any CPU
		{10365959-9950-420E-AA43-CC1736F576D2}.Release|x86.ActiveCfg = Release|Any CPU
		{10365959-9950-420E-AA43-CC1736F576D2}.Release|x86.Build.0 = Release|Any CPU
	EndGlobalSection
EndGlobal
